%{"csv": {:hex, :csv, "2.1.1", "a4c1a7c30d2151b6e4976cb2f52c0a1d49ec965afb737ed84a684bc4284d1627", [], [{:parallel_stream, "~> 1.0.4", [hex: :parallel_stream, repo: "hexpm", optional: false]}], "hexpm"},
  "parallel_stream": {:hex, :parallel_stream, "1.0.6", "b967be2b23f0f6787fab7ed681b4c45a215a81481fb62b01a5b750fa8f30f76c", [], [], "hexpm"}}
